
Microsoft Visual Studio Solution File, Format Version 12.00
# Visual Studio Version 17
VisualStudioVersion = 17.3.32825.248
MinimumVisualStudioVersion = 10.0.40219.1
Project("{8BC9CEB8-8B4A-11D0-8D11-00A0C91BC942}") = "IVSDKDotNet", "IVSDKDotNet\IVSDKDotNet.vcxproj", "{B3A578F3-BB48-4CB0-A160-104905CD4BB5}"
EndProject
Project("{FAE04EC0-301F-11D3-BF4B-00C04F79EFBC}") = "TestScript", "TestScript\TestScript.csproj", "{58F7C6DF-31CC-4EDC-ADBA-353E3DCE2492}"
EndProject
Project("{8BC9CEB8-8B4A-11D0-8D11-00A0C91BC942}") = "IVSDKDotNetWrapper", "IVSDKDotNetWrapper\IVSDKDotNetWrapper.vcxproj", "{B674035B-D958-4876-B593-1E44E5385E95}"
EndProject
Project("{FAE04EC0-301F-11D3-BF4B-00C04F79EFBC}") = "Manager", "Manager\Manager.csproj", "{3ED335CE-7C16-49C7-AC50-E8A8D9700DF3}"
EndProject
Project("{FAE04EC0-301F-11D3-BF4B-00C04F79EFBC}") = "IVSDKDotNetAPI", "IVSDKDotNetAPI\IVSDKDotNetAPI.csproj", "{7BE48CC4-DB4C-410C-9E78-8F6FA02F48C4}"
EndProject
Project("{FAE04EC0-301F-11D3-BF4B-00C04F79EFBC}") = "APITest", "APITest\APITest.csproj", "{3D3078F3-EBE9-4F6D-81FF-B05C7D4298E6}"
EndProject
Project("{FAE04EC0-301F-11D3-BF4B-00C04F79EFBC}") = "ScriptHookDotNet", "ScriptHookDotNet\ScriptHookDotNet.csproj", "{4098F6C3-5ABA-420F-B7A2-DC0A5BD12961}"
EndProject
Global
	GlobalSection(SolutionConfigurationPlatforms) = preSolution
		Debug|Any CPU = Debug|Any CPU
		Debug|x86 = Debug|x86
		Release|Any CPU = Release|Any CPU
		Release|x86 = Release|x86
	EndGlobalSection
	GlobalSection(ProjectConfigurationPlatforms) = postSolution
		{B3A578F3-BB48-4CB0-A160-104905CD4BB5}.Debug|Any CPU.ActiveCfg = Debug|Win32
		{B3A578F3-BB48-4CB0-A160-104905CD4BB5}.Debug|Any CPU.Build.0 = Debug|Win32
		{B3A578F3-BB48-4CB0-A160-104905CD4BB5}.Debug|x86.ActiveCfg = Debug|Win32
		{B3A578F3-BB48-4CB0-A160-104905CD4BB5}.Debug|x86.Build.0 = Debug|Win32
		{B3A578F3-BB48-4CB0-A160-104905CD4BB5}.Release|Any CPU.ActiveCfg = Release|Win32
		{B3A578F3-BB48-4CB0-A160-104905CD4BB5}.Release|Any CPU.Build.0 = Release|Win32
		{B3A578F3-BB48-4CB0-A160-104905CD4BB5}.Release|x86.ActiveCfg = Release|Win32
		{B3A578F3-BB48-4CB0-A160-104905CD4BB5}.Release|x86.Build.0 = Release|Win32
		{58F7C6DF-31CC-4EDC-ADBA-353E3DCE2492}.Debug|Any CPU.ActiveCfg = Debug|Any CPU
		{58F7C6DF-31CC-4EDC-ADBA-353E3DCE2492}.Debug|Any CPU.Build.0 = Debug|Any CPU
		{58F7C6DF-31CC-4EDC-ADBA-353E3DCE2492}.Debug|x86.ActiveCfg = Debug|Any CPU
		{58F7C6DF-31CC-4EDC-ADBA-353E3DCE2492}.Debug|x86.Build.0 = Debug|Any CPU
		{58F7C6DF-31CC-4EDC-ADBA-353E3DCE2492}.Release|Any CPU.ActiveCfg = Release|Any CPU
		{58F7C6DF-31CC-4EDC-ADBA-353E3DCE2492}.Release|Any CPU.Build.0 = Release|Any CPU
		{58F7C6DF-31CC-4EDC-ADBA-353E3DCE2492}.Release|x86.ActiveCfg = Release|Any CPU
		{58F7C6DF-31CC-4EDC-ADBA-353E3DCE2492}.Release|x86.Build.0 = Release|Any CPU
		{B674035B-D958-4876-B593-1E44E5385E95}.Debug|Any CPU.ActiveCfg = Debug|Win32
		{B674035B-D958-4876-B593-1E44E5385E95}.Debug|Any CPU.Build.0 = Debug|Win32
		{B674035B-D958-4876-B593-1E44E5385E95}.Debug|x86.ActiveCfg = Debug|Win32
		{B674035B-D958-4876-B593-1E44E5385E95}.Debug|x86.Build.0 = Debug|Win32
		{B674035B-D958-4876-B593-1E44E5385E95}.Release|Any CPU.ActiveCfg = Release|Win32
		{B674035B-D958-4876-B593-1E44E5385E95}.Release|x86.ActiveCfg = Release|Win32
		{B674035B-D958-4876-B593-1E44E5385E95}.Release|x86.Build.0 = Release|Win32
		{3ED335CE-7C16-49C7-AC50-E8A8D9700DF3}.Debug|Any CPU.ActiveCfg = Debug|Any CPU
		{3ED335CE-7C16-49C7-AC50-E8A8D9700DF3}.Debug|Any CPU.Build.0 = Debug|Any CPU
		{3ED335CE-7C16-49C7-AC50-E8A8D9700DF3}.Debug|x86.ActiveCfg = Debug|Any CPU
		{3ED335CE-7C16-49C7-AC50-E8A8D9700DF3}.Debug|x86.Build.0 = Debug|Any CPU
		{3ED335CE-7C16-49C7-AC50-E8A8D9700DF3}.Release|Any CPU.ActiveCfg = Release|Any CPU
		{3ED335CE-7C16-49C7-AC50-E8A8D9700DF3}.Release|Any CPU.Build.0 = Release|Any CPU
		{3ED335CE-7C16-49C7-AC50-E8A8D9700DF3}.Release|x86.ActiveCfg = Release|Any CPU
		{3ED335CE-7C16-49C7-AC50-E8A8D9700DF3}.Release|x86.Build.0 = Release|Any CPU
		{7BE48CC4-DB4C-410C-9E78-8F6FA02F48C4}.Debug|Any CPU.ActiveCfg = Debug|Any CPU
		{7BE48CC4-DB4C-410C-9E78-8F6FA02F48C4}.Debug|Any CPU.Build.0 = Debug|Any CPU
		{7BE48CC4-DB4C-410C-9E78-8F6FA02F48C4}.Debug|x86.ActiveCfg = Debug|Any CPU
		{7BE48CC4-DB4C-410C-9E78-8F6FA02F48C4}.Debug|x86.Build.0 = Debug|Any CPU
		{7BE48CC4-DB4C-410C-9E78-8F6FA02F48C4}.Release|Any CPU.ActiveCfg = Release|Any CPU
		{7BE48CC4-DB4C-410C-9E78-8F6FA02F48C4}.Release|Any CPU.Build.0 = Release|Any CPU
		{7BE48CC4-DB4C-410C-9E78-8F6FA02F48C4}.Release|x86.ActiveCfg = Release|Any CPU
		{7BE48CC4-DB4C-410C-9E78-8F6FA02F48C4}.Release|x86.Build.0 = Release|Any CPU
		{3D3078F3-EBE9-4F6D-81FF-B05C7D4298E6}.Debug|Any CPU.ActiveCfg = Debug|Any CPU
		{3D3078F3-EBE9-4F6D-81FF-B05C7D4298E6}.Debug|Any CPU.Build.0 = Debug|Any CPU
		{3D3078F3-EBE9-4F6D-81FF-B05C7D4298E6}.Debug|x86.ActiveCfg = Debug|Any CPU
		{3D3078F3-EBE9-4F6D-81FF-B05C7D4298E6}.Debug|x86.Build.0 = Debug|Any CPU
		{3D3078F3-EBE9-4F6D-81FF-B05C7D4298E6}.Release|Any CPU.ActiveCfg = Release|Any CPU
		{3D3078F3-EBE9-4F6D-81FF-B05C7D4298E6}.Release|Any CPU.Build.0 = Release|Any CPU
		{3D3078F3-EBE9-4F6D-81FF-B05C7D4298E6}.Release|x86.ActiveCfg = Release|Any CPU
		{3D3078F3-EBE9-4F6D-81FF-B05C7D4298E6}.Release|x86.Build.0 = Release|Any CPU
		{4098F6C3-5ABA-420F-B7A2-DC0A5BD12961}.Debug|Any CPU.ActiveCfg = Debug|Any CPU
		{4098F6C3-5ABA-420F-B7A2-DC0A5BD12961}.Debug|Any CPU.Build.0 = Debug|Any CPU
		{4098F6C3-5ABA-420F-B7A2-DC0A5BD12961}.Debug|x86.ActiveCfg = Debug|Any CPU
		{4098F6C3-5ABA-420F-B7A2-DC0A5BD12961}.Debug|x86.Build.0 = Debug|Any CPU
		{4098F6C3-5ABA-420F-B7A2-DC0A5BD12961}.Release|Any CPU.ActiveCfg = Release|Any CPU
		{4098F6C3-5ABA-420F-B7A2-DC0A5BD12961}.Release|Any CPU.Build.0 = Release|Any CPU
		{4098F6C3-5ABA-420F-B7A2-DC0A5BD12961}.Release|x86.ActiveCfg = Release|Any CPU
		{4098F6C3-5ABA-420F-B7A2-DC0A5BD12961}.Release|x86.Build.0 = Release|Any CPU
	EndGlobalSection
	GlobalSection(SolutionProperties) = preSolution
		HideSolutionNode = FALSE
	EndGlobalSection
	GlobalSection(ExtensibilityGlobals) = postSolution
		SolutionGuid = {0F801648-8AAC-466F-A96D-0A46805ED7EC}
	EndGlobalSection
EndGlobal
