<?xml version="1.0" encoding="utf-8"?>
<Project ToolsVersion="4.0" xmlns="http://schemas.microsoft.com/developer/msbuild/2003">
  <ItemGroup>
    <Filter Include="Source Files">
      <UniqueIdentifier>{4FC737F1-C7A5-4376-A066-2A32D752A2FF}</UniqueIdentifier>
      <Extensions>cpp;c;cc;cxx;c++;cppm;ixx;def;odl;idl;hpj;bat;asm;asmx</Extensions>
    </Filter>
    <Filter Include="Header Files">
      <UniqueIdentifier>{93995380-89BD-4b04-88EB-625FBE52EBFB}</UniqueIdentifier>
      <Extensions>h;hh;hpp;hxx;h++;hm;inl;inc;ipp;xsd</Extensions>
    </Filter>
    <Filter Include="Resource Files">
      <UniqueIdentifier>{67DA6AB6-F800-4c08-8B7A-83BB121AAD01}</UniqueIdentifier>
      <Extensions>rc;ico;cur;bmp;dlg;rc2;rct;bin;rgs;gif;jpg;jpeg;jpe;resx;tiff;tif;png;wav;mfcribbon-ms</Extensions>
    </Filter>
    <Filter Include="Header Files\Native">
      <UniqueIdentifier>{ea2c86a7-3813-4654-a484-d4feed929d88}</UniqueIdentifier>
    </Filter>
    <Filter Include="Source Files\Native">
      <UniqueIdentifier>{cb1c3562-6af6-4232-95f4-40cc542581a5}</UniqueIdentifier>
    </Filter>
    <Filter Include="Header Files\Objects">
      <UniqueIdentifier>{30d270d8-55e0-4c97-b661-a3ffe5fda94b}</UniqueIdentifier>
    </Filter>
    <Filter Include="Source Files\Objects">
      <UniqueIdentifier>{0959b214-e553-4e39-984e-ba7fa0df4160}</UniqueIdentifier>
    </Filter>
    <Filter Include="Header Files\RAGE">
      <UniqueIdentifier>{60240566-676a-4c68-9a7a-846d52ba5453}</UniqueIdentifier>
    </Filter>
    <Filter Include="Source Files\RAGE">
      <UniqueIdentifier>{b924711a-fd86-4e42-9723-a14411c83800}</UniqueIdentifier>
    </Filter>
    <Filter Include="Header Files\Drawing">
      <UniqueIdentifier>{a57e0682-b5b1-457a-a234-48ff0547e03f}</UniqueIdentifier>
    </Filter>
    <Filter Include="Source Files\Drawing">
      <UniqueIdentifier>{f821688a-d9ae-499d-8997-9ec6420c49c5}</UniqueIdentifier>
    </Filter>
  </ItemGroup>
  <ItemGroup>
    <ClInclude Include="Resource.h">
      <Filter>Header Files</Filter>
    </ClInclude>
    <ClInclude Include="pch.h">
      <Filter>Header Files</Filter>
    </ClInclude>
    <ClInclude Include="CLRBridge.h">
      <Filter>Header Files</Filter>
    </ClInclude>
    <ClInclude Include="Scripts.h">
      <Filter>Header Files</Filter>
    </ClInclude>
    <ClInclude Include="defines.h">
      <Filter>Header Files</Filter>
    </ClInclude>
    <ClInclude Include="CGame.h">
      <Filter>Header Files</Filter>
    </ClInclude>
    <ClInclude Include="Native.h">
      <Filter>Header Files\Native</Filter>
    </ClInclude>
    <ClInclude Include="NativeHashes.h">
      <Filter>Header Files\Native</Filter>
    </ClInclude>
    <ClInclude Include="CVectors.h">
      <Filter>Header Files\Objects</Filter>
    </ClInclude>
    <ClInclude Include="CQuaternion.h">
      <Filter>Header Files\Objects</Filter>
    </ClInclude>
    <ClInclude Include="NativeInvoke.h">
      <Filter>Header Files\Native</Filter>
    </ClInclude>
    <ClInclude Include="CTimer.h">
      <Filter>Header Files</Filter>
    </ClInclude>
    <ClInclude Include="CTheScripts.h">
      <Filter>Header Files</Filter>
    </ClInclude>
    <ClInclude Include="Helper.h">
      <Filter>Header Files</Filter>
    </ClInclude>
    <ClInclude Include="audRadioAudioEntity.h">
      <Filter>Header Files</Filter>
    </ClInclude>
    <ClInclude Include="CFont.h">
      <Filter>Header Files</Filter>
    </ClInclude>
    <ClInclude Include="CClock.h">
      <Filter>Header Files</Filter>
    </ClInclude>
    <ClInclude Include="CFileLoader.h">
      <Filter>Header Files</Filter>
    </ClInclude>
    <ClInclude Include="CPedType.h">
      <Filter>Header Files</Filter>
    </ClInclude>
    <ClInclude Include="CNetwork.h">
      <Filter>Header Files</Filter>
    </ClInclude>
    <ClInclude Include="EventArgs.h">
      <Filter>Header Files</Filter>
    </ClInclude>
    <ClInclude Include="AddressSetter.h">
      <Filter>Header Files</Filter>
    </ClInclude>
    <ClInclude Include="enums.h">
      <Filter>Header Files</Filter>
    </ClInclude>
    <ClInclude Include="CMenuManager.h">
      <Filter>Header Files</Filter>
    </ClInclude>
    <ClInclude Include="CdStream.h">
      <Filter>Header Files</Filter>
    </ClInclude>
    <ClInclude Include="CCutsceneMgr.h">
      <Filter>Header Files</Filter>
    </ClInclude>
    <ClInclude Include="CHudColours.h">
      <Filter>Header Files</Filter>
    </ClInclude>
    <ClInclude Include="CRGBA.h">
      <Filter>Header Files</Filter>
    </ClInclude>
    <ClInclude Include="CShadows.h">
      <Filter>Header Files</Filter>
    </ClInclude>
    <ClInclude Include="CPlayerInfo.h">
      <Filter>Header Files</Filter>
    </ClInclude>
    <ClInclude Include="CShaderLib.h">
      <Filter>Header Files</Filter>
    </ClInclude>
    <ClInclude Include="CTimeCycle.h">
      <Filter>Header Files</Filter>
    </ClInclude>
    <ClInclude Include="CVisibilityPlugins.h">
      <Filter>Header Files</Filter>
    </ClInclude>
    <ClInclude Include="rage.h">
      <Filter>Header Files\RAGE</Filter>
    </ClInclude>
    <ClInclude Include="KeyWatchDog.h">
      <Filter>Header Files</Filter>
    </ClInclude>
  </ItemGroup>
  <ItemGroup>
    <ClCompile Include="AssemblyInfo.cpp">
      <Filter>Source Files</Filter>
    </ClCompile>
    <ClCompile Include="pch.cpp">
      <Filter>Source Files</Filter>
    </ClCompile>
    <ClCompile Include="CLRBridge.cpp">
      <Filter>Source Files</Filter>
    </ClCompile>
    <ClCompile Include="Scripts.cpp">
      <Filter>Source Files</Filter>
    </ClCompile>
    <ClCompile Include="CGame.cpp">
      <Filter>Source Files</Filter>
    </ClCompile>
    <ClCompile Include="Native.cpp">
      <Filter>Source Files\Native</Filter>
    </ClCompile>
    <ClCompile Include="audRadioAudioEntity.cpp">
      <Filter>Source Files</Filter>
    </ClCompile>
    <ClCompile Include="CFont.cpp">
      <Filter>Source Files</Filter>
    </ClCompile>
    <ClCompile Include="CClock.cpp">
      <Filter>Source Files</Filter>
    </ClCompile>
    <ClCompile Include="CFileLoader.cpp">
      <Filter>Source Files</Filter>
    </ClCompile>
    <ClCompile Include="CPedType.cpp">
      <Filter>Source Files</Filter>
    </ClCompile>
    <ClCompile Include="CNetwork.cpp">
      <Filter>Source Files</Filter>
    </ClCompile>
    <ClCompile Include="EventArgs.cpp">
      <Filter>Source Files</Filter>
    </ClCompile>
    <ClCompile Include="AddressSetter.cpp">
      <Filter>Source Files</Filter>
    </ClCompile>
    <ClCompile Include="CTheScripts.cpp">
      <Filter>Source Files</Filter>
    </ClCompile>
    <ClCompile Include="CTimer.cpp">
      <Filter>Source Files</Filter>
    </ClCompile>
    <ClCompile Include="CMenuManager.cpp">
      <Filter>Source Files</Filter>
    </ClCompile>
    <ClCompile Include="CdStream.cpp">
      <Filter>Source Files</Filter>
    </ClCompile>
    <ClCompile Include="CCutsceneMgr.cpp">
      <Filter>Source Files</Filter>
    </ClCompile>
    <ClCompile Include="CHudColours.cpp">
      <Filter>Source Files</Filter>
    </ClCompile>
    <ClCompile Include="CRGBA.cpp">
      <Filter>Source Files</Filter>
    </ClCompile>
    <ClCompile Include="CShadows.cpp">
      <Filter>Source Files</Filter>
    </ClCompile>
    <ClCompile Include="CQuaternion.cpp">
      <Filter>Source Files\Objects</Filter>
    </ClCompile>
    <ClCompile Include="CVectors.cpp">
      <Filter>Source Files\Objects</Filter>
    </ClCompile>
    <ClCompile Include="CPlayerInfo.cpp">
      <Filter>Source Files</Filter>
    </ClCompile>
    <ClCompile Include="CShaderLib.cpp">
      <Filter>Source Files</Filter>
    </ClCompile>
    <ClCompile Include="CTimeCycle.cpp">
      <Filter>Source Files</Filter>
    </ClCompile>
    <ClCompile Include="CVisibilityPlugins.cpp">
      <Filter>Source Files</Filter>
    </ClCompile>
    <ClCompile Include="rage.cpp">
      <Filter>Source Files\RAGE</Filter>
    </ClCompile>
    <ClCompile Include="KeyWatchDog.cpp">
      <Filter>Source Files</Filter>
    </ClCompile>
    <ClCompile Include="Helper.cpp">
      <Filter>Source Files</Filter>
    </ClCompile>
  </ItemGroup>
  <ItemGroup>
    <ResourceCompile Include="app.rc">
      <Filter>Resource Files</Filter>
    </ResourceCompile>
  </ItemGroup>
  <ItemGroup>
    <Image Include="app.ico">
      <Filter>Resource Files</Filter>
    </Image>
  </ItemGroup>
</Project>