<?xml version="1.0" encoding="utf-8"?>
<Project ToolsVersion="4.0" xmlns="http://schemas.microsoft.com/developer/msbuild/2003">
  <ItemGroup>
    <Filter Include="Source Files">
      <UniqueIdentifier>{4FC737F1-C7A5-4376-A066-2A32D752A2FF}</UniqueIdentifier>
      <Extensions>cpp;c;cc;cxx;c++;cppm;ixx;def;odl;idl;hpj;bat;asm;asmx</Extensions>
    </Filter>
    <Filter Include="Header Files">
      <UniqueIdentifier>{93995380-89BD-4b04-88EB-625FBE52EBFB}</UniqueIdentifier>
      <Extensions>h;hh;hpp;hxx;h++;hm;inl;inc;ipp;xsd</Extensions>
    </Filter>
    <Filter Include="Resource Files">
      <UniqueIdentifier>{67DA6AB6-F800-4c08-8B7A-83BB121AAD01}</UniqueIdentifier>
      <Extensions>rc;ico;cur;bmp;dlg;rc2;rct;bin;rgs;gif;jpg;jpeg;jpe;resx;tiff;tif;png;wav;mfcribbon-ms</Extensions>
    </Filter>
    <Filter Include="Header Files\Native">
      <UniqueIdentifier>{ea2c86a7-3813-4654-a484-d4feed929d88}</UniqueIdentifier>
    </Filter>
    <Filter Include="Header Files\RAGE">
      <UniqueIdentifier>{60240566-676a-4c68-9a7a-846d52ba5453}</UniqueIdentifier>
    </Filter>
    <Filter Include="Source Files\RAGE">
      <UniqueIdentifier>{b924711a-fd86-4e42-9723-a14411c83800}</UniqueIdentifier>
    </Filter>
    <Filter Include="Header Files\Input">
      <UniqueIdentifier>{a2811312-f9c1-4970-80a7-64beb6456b78}</UniqueIdentifier>
    </Filter>
    <Filter Include="Source Files\Input">
      <UniqueIdentifier>{31915713-ec7b-4de7-aa0e-5029a9094b3f}</UniqueIdentifier>
    </Filter>
    <Filter Include="Header Files\Helper">
      <UniqueIdentifier>{bb183075-a34b-4109-b4b2-6f8716728457}</UniqueIdentifier>
    </Filter>
    <Filter Include="Source Files\Helper">
      <UniqueIdentifier>{3096221e-f88e-42b0-a62e-369aebd81ef8}</UniqueIdentifier>
    </Filter>
    <Filter Include="Header Files\Hooks">
      <UniqueIdentifier>{326bde02-4002-4dcf-94a2-26cd3946b6dc}</UniqueIdentifier>
    </Filter>
    <Filter Include="Header Files\ImGui">
      <UniqueIdentifier>{b9842304-2350-43ba-b23a-80cb4b51ca2f}</UniqueIdentifier>
    </Filter>
    <Filter Include="Source Files\ImGui">
      <UniqueIdentifier>{16e4e255-1ede-4752-b7d2-cc6a0e97ee60}</UniqueIdentifier>
    </Filter>
  </ItemGroup>
  <ItemGroup>
    <ClInclude Include="Resource.h">
      <Filter>Header Files</Filter>
    </ClInclude>
    <ClInclude Include="pch.h">
      <Filter>Header Files</Filter>
    </ClInclude>
    <ClInclude Include="CLRBridge.h">
      <Filter>Header Files</Filter>
    </ClInclude>
    <ClInclude Include="Scripts.h">
      <Filter>Header Files</Filter>
    </ClInclude>
    <ClInclude Include="defines.h">
      <Filter>Header Files</Filter>
    </ClInclude>
    <ClInclude Include="Native.h">
      <Filter>Header Files\Native</Filter>
    </ClInclude>
    <ClInclude Include="NativeHashes.h">
      <Filter>Header Files\Native</Filter>
    </ClInclude>
    <ClInclude Include="NativeInvoke.h">
      <Filter>Header Files\Native</Filter>
    </ClInclude>
    <ClInclude Include="EventArgs.h">
      <Filter>Header Files</Filter>
    </ClInclude>
    <ClInclude Include="MemoryAccess.h">
      <Filter>Header Files</Filter>
    </ClInclude>
    <ClInclude Include="enums.h">
      <Filter>Header Files</Filter>
    </ClInclude>
    <ClInclude Include="rage.h">
      <Filter>Header Files\RAGE</Filter>
    </ClInclude>
    <ClInclude Include="SettingsFile.h">
      <Filter>Header Files</Filter>
    </ClInclude>
    <ClInclude Include="KeyWatchDog.h">
      <Filter>Header Files\Input</Filter>
    </ClInclude>
    <ClInclude Include="Helper.h">
      <Filter>Header Files\Helper</Filter>
    </ClInclude>
    <ClInclude Include="Logger.h">
      <Filter>Header Files</Filter>
    </ClInclude>
    <ClInclude Include="DirectInputHook.h">
      <Filter>Header Files\Hooks</Filter>
    </ClInclude>
    <ClInclude Include="DXHook.h">
      <Filter>Header Files\Hooks</Filter>
    </ClInclude>
    <ClInclude Include="ImGui\imstb_rectpack.h">
      <Filter>Header Files\ImGui</Filter>
    </ClInclude>
    <ClInclude Include="ImGui\imstb_textedit.h">
      <Filter>Header Files\ImGui</Filter>
    </ClInclude>
    <ClInclude Include="ImGui\imstb_truetype.h">
      <Filter>Header Files\ImGui</Filter>
    </ClInclude>
    <ClInclude Include="ImGui\imconfig.h">
      <Filter>Header Files\ImGui</Filter>
    </ClInclude>
    <ClInclude Include="ImGui\imgui.h">
      <Filter>Header Files\ImGui</Filter>
    </ClInclude>
    <ClInclude Include="ImGui\imgui_impl_dx9_shader.h">
      <Filter>Header Files\ImGui</Filter>
    </ClInclude>
    <ClInclude Include="ImGui\imgui_impl_win32.h">
      <Filter>Header Files\ImGui</Filter>
    </ClInclude>
    <ClInclude Include="ImGui\imgui_internal.h">
      <Filter>Header Files\ImGui</Filter>
    </ClInclude>
    <ClInclude Include="ImGuiDraw.h">
      <Filter>Header Files\ImGui</Filter>
    </ClInclude>
    <ClInclude Include="ImGuiStuff.h">
      <Filter>Header Files\ImGui</Filter>
    </ClInclude>
    <ClInclude Include="ImGui\imgui_stdlib.h">
      <Filter>Header Files\ImGui</Filter>
    </ClInclude>
    <ClInclude Include="ImGui\EmbeddedFont.h">
      <Filter>Header Files\ImGui</Filter>
    </ClInclude>
    <ClInclude Include="Attributes.h">
      <Filter>Header Files</Filter>
    </ClInclude>
    <ClInclude Include="IVAudEngine.h">
      <Filter>Header Files</Filter>
    </ClInclude>
    <ClInclude Include="IVAudConfig.h">
      <Filter>Header Files</Filter>
    </ClInclude>
    <ClInclude Include="IVAudRadioAudioEntity.h">
      <Filter>Header Files</Filter>
    </ClInclude>
    <ClInclude Include="IVPcSave.h">
      <Filter>Header Files</Filter>
    </ClInclude>
    <ClInclude Include="IVAchievements.h">
      <Filter>Header Files</Filter>
    </ClInclude>
    <ClInclude Include="IVRadioStation.h">
      <Filter>Header Files</Filter>
    </ClInclude>
    <ClInclude Include="IVRadioTrackManager.h">
      <Filter>Header Files</Filter>
    </ClInclude>
    <ClInclude Include="IVAnimManager.h">
      <Filter>Header Files</Filter>
    </ClInclude>
    <ClInclude Include="IVAudioZones.h">
      <Filter>Header Files</Filter>
    </ClInclude>
    <ClInclude Include="IVBaseDC.h">
      <Filter>Header Files</Filter>
    </ClInclude>
    <ClInclude Include="IVBuilding.h">
      <Filter>Header Files</Filter>
    </ClInclude>
    <ClInclude Include="IVCam.h">
      <Filter>Header Files</Filter>
    </ClInclude>
    <ClInclude Include="IVMatrix.h">
      <Filter>Header Files</Filter>
    </ClInclude>
    <ClInclude Include="IVCamFollowVehicle.h">
      <Filter>Header Files</Filter>
    </ClInclude>
    <ClInclude Include="IVCamera.h">
      <Filter>Header Files</Filter>
    </ClInclude>
    <ClInclude Include="IVCheat.h">
      <Filter>Header Files</Filter>
    </ClInclude>
    <ClInclude Include="IVClock.h">
      <Filter>Header Files</Filter>
    </ClInclude>
    <ClInclude Include="IVCustomShaderEffectBase.h">
      <Filter>Header Files</Filter>
    </ClInclude>
    <ClInclude Include="IVCutsceneMgr.h">
      <Filter>Header Files</Filter>
    </ClInclude>
    <ClInclude Include="IVDraw.h">
      <Filter>Header Files</Filter>
    </ClInclude>
    <ClInclude Include="IVGlobalScene.h">
      <Filter>Header Files</Filter>
    </ClInclude>
    <ClInclude Include="IVViewport.h">
      <Filter>Header Files</Filter>
    </ClInclude>
    <ClInclude Include="IVViewportData.h">
      <Filter>Header Files</Filter>
    </ClInclude>
    <ClInclude Include="IVRenderPhases.h">
      <Filter>Header Files</Filter>
    </ClInclude>
    <ClInclude Include="IVDrawCurvedWindowDC.h">
      <Filter>Header Files</Filter>
    </ClInclude>
    <ClInclude Include="IVDrawRectDC.h">
      <Filter>Header Files</Filter>
    </ClInclude>
    <ClInclude Include="IVCDStream.h">
      <Filter>Header Files</Filter>
    </ClInclude>
    <ClInclude Include="IVDynamicEntity.h">
      <Filter>Header Files</Filter>
    </ClInclude>
    <ClInclude Include="IVEntity.h">
      <Filter>Header Files</Filter>
    </ClInclude>
    <ClInclude Include="IVExplosion.h">
      <Filter>Header Files</Filter>
    </ClInclude>
    <ClInclude Include="IVFileLoader.h">
      <Filter>Header Files</Filter>
    </ClInclude>
    <ClInclude Include="IVFileMgr.h">
      <Filter>Header Files</Filter>
    </ClInclude>
    <ClInclude Include="IVFont.h">
      <Filter>Header Files</Filter>
    </ClInclude>
    <ClInclude Include="IVFrontEnd.h">
      <Filter>Header Files</Filter>
    </ClInclude>
    <ClInclude Include="IVGame.h">
      <Filter>Header Files</Filter>
    </ClInclude>
    <ClInclude Include="IVGameConfigReader.h">
      <Filter>Header Files</Filter>
    </ClInclude>
    <ClInclude Include="IVGameLogic.h">
      <Filter>Header Files</Filter>
    </ClInclude>
    <ClInclude Include="IVGangs.h">
      <Filter>Header Files</Filter>
    </ClInclude>
    <ClInclude Include="IVGangInfo.h">
      <Filter>Header Files</Filter>
    </ClInclude>
    <ClInclude Include="IVGarage.h">
      <Filter>Header Files</Filter>
    </ClInclude>
    <ClInclude Include="IVSaveGarage.h">
      <Filter>Header Files</Filter>
    </ClInclude>
    <ClInclude Include="IVStoredCar.h">
      <Filter>Header Files</Filter>
    </ClInclude>
    <ClInclude Include="IVGarages.h">
      <Filter>Header Files</Filter>
    </ClInclude>
    <ClInclude Include="IVGenericGameStorage.h">
      <Filter>Header Files</Filter>
    </ClInclude>
    <ClInclude Include="IVHandlingDataMgr.h">
      <Filter>Header Files</Filter>
    </ClInclude>
    <ClInclude Include="IVHandlingData.h">
      <Filter>Header Files</Filter>
    </ClInclude>
    <ClInclude Include="IVHudColours.h">
      <Filter>Header Files</Filter>
    </ClInclude>
    <ClInclude Include="IVInteriorInst.h">
      <Filter>Header Files</Filter>
    </ClInclude>
    <ClInclude Include="IVIplStore.h">
      <Filter>Header Files</Filter>
    </ClInclude>
    <ClInclude Include="IVMenuManager.h">
      <Filter>Header Files</Filter>
    </ClInclude>
    <ClInclude Include="IVControlRemapInfo.h">
      <Filter>Header Files</Filter>
    </ClInclude>
    <ClInclude Include="IVModelInfo.h">
      <Filter>Header Files</Filter>
    </ClInclude>
    <ClInclude Include="IVVehicleModelInfo.h">
      <Filter>Header Files</Filter>
    </ClInclude>
    <ClInclude Include="IVVehicleStructure.h">
      <Filter>Header Files</Filter>
    </ClInclude>
    <ClInclude Include="IVPedModelInfo.h">
      <Filter>Header Files</Filter>
    </ClInclude>
    <ClInclude Include="IVBaseModelInfo.h">
      <Filter>Header Files</Filter>
    </ClInclude>
    <ClInclude Include="IVNetwork.h">
      <Filter>Header Files</Filter>
    </ClInclude>
    <ClInclude Include="IVObject.h">
      <Filter>Header Files</Filter>
    </ClInclude>
    <ClInclude Include="IVPad.h">
      <Filter>Header Files</Filter>
    </ClInclude>
    <ClInclude Include="IVPadValues.h">
      <Filter>Header Files</Filter>
    </ClInclude>
    <ClInclude Include="IVValueHistory.h">
      <Filter>Header Files</Filter>
    </ClInclude>
    <ClInclude Include="IVValueHistoryItem.h">
      <Filter>Header Files</Filter>
    </ClInclude>
    <ClInclude Include="IVPed.h">
      <Filter>Header Files</Filter>
    </ClInclude>
    <ClInclude Include="IVPedComponentModels.h">
      <Filter>Header Files</Filter>
    </ClInclude>
    <ClInclude Include="IVPedDrawableInfo.h">
      <Filter>Header Files</Filter>
    </ClInclude>
    <ClInclude Include="IVPedWeapons.h">
      <Filter>Header Files</Filter>
    </ClInclude>
    <ClInclude Include="IVPedWeaponSlot.h">
      <Filter>Header Files</Filter>
    </ClInclude>
    <ClInclude Include="IVPedMoveBlendOnFoot.h">
      <Filter>Header Files</Filter>
    </ClInclude>
    <ClInclude Include="IVCustomShaderEffectPedBoneDamageFX.h">
      <Filter>Header Files</Filter>
    </ClInclude>
    <ClInclude Include="IVPedFactoryNY.h">
      <Filter>Header Files</Filter>
    </ClInclude>
    <ClInclude Include="IVPedType.h">
      <Filter>Header Files</Filter>
    </ClInclude>
    <ClInclude Include="IVPhysical.h">
      <Filter>Header Files</Filter>
    </ClInclude>
    <ClInclude Include="IVPickups.h">
      <Filter>Header Files</Filter>
    </ClInclude>
    <ClInclude Include="IVPlayerInfo.h">
      <Filter>Header Files</Filter>
    </ClInclude>
    <ClInclude Include="IVPool.h">
      <Filter>Header Files</Filter>
    </ClInclude>
    <ClInclude Include="IVPools.h">
      <Filter>Header Files</Filter>
    </ClInclude>
    <ClInclude Include="IVPopulation.h">
      <Filter>Header Files</Filter>
    </ClInclude>
    <ClInclude Include="IVProjectileInfo.h">
      <Filter>Header Files</Filter>
    </ClInclude>
    <ClInclude Include="IVQuadTreeNode.h">
      <Filter>Header Files</Filter>
    </ClInclude>
    <ClInclude Include="IVRadar.h">
      <Filter>Header Files</Filter>
    </ClInclude>
    <ClInclude Include="IVReplay.h">
      <Filter>Header Files</Filter>
    </ClInclude>
    <ClInclude Include="IVRestart.h">
      <Filter>Header Files</Filter>
    </ClInclude>
    <ClInclude Include="IVSafehouse.h">
      <Filter>Header Files</Filter>
    </ClInclude>
    <ClInclude Include="IVShaderLib.h">
      <Filter>Header Files</Filter>
    </ClInclude>
    <ClInclude Include="IVShadows.h">
      <Filter>Header Files</Filter>
    </ClInclude>
    <ClInclude Include="IVSprite2D.h">
      <Filter>Header Files</Filter>
    </ClInclude>
    <ClInclude Include="IVStats.h">
      <Filter>Header Files</Filter>
    </ClInclude>
    <ClInclude Include="IVStreaming.h">
      <Filter>Header Files</Filter>
    </ClInclude>
    <ClInclude Include="IVStuntJumpManager.h">
      <Filter>Header Files</Filter>
    </ClInclude>
    <ClInclude Include="IVBoundBox.h">
      <Filter>Header Files</Filter>
    </ClInclude>
    <ClInclude Include="IVStuntJump.h">
      <Filter>Header Files</Filter>
    </ClInclude>
    <ClInclude Include="IVTaskComplexClimbLadder.h">
      <Filter>Header Files</Filter>
    </ClInclude>
    <ClInclude Include="IVTaskComplexDie.h">
      <Filter>Header Files</Filter>
    </ClInclude>
    <ClInclude Include="IVTaskComplexInWater.h">
      <Filter>Header Files</Filter>
    </ClInclude>
    <ClInclude Include="IVTaskComplexMobileMakeCall.h">
      <Filter>Header Files</Filter>
    </ClInclude>
    <ClInclude Include="IVTaskComplexNewGetInVehicle.h">
      <Filter>Header Files</Filter>
    </ClInclude>
    <ClInclude Include="IVTaskComplexNM.h">
      <Filter>Header Files</Filter>
    </ClInclude>
    <ClInclude Include="IVTaskComplexPlayerOnFoot.h">
      <Filter>Header Files</Filter>
    </ClInclude>
    <ClInclude Include="IVTaskComplexPlayerSettingsTask.h">
      <Filter>Header Files</Filter>
    </ClInclude>
    <ClInclude Include="IVTaskComplexWander.h">
      <Filter>Header Files</Filter>
    </ClInclude>
    <ClInclude Include="IVTaskComplexWanderStandard.h">
      <Filter>Header Files</Filter>
    </ClInclude>
    <ClInclude Include="IVTaskSimpleNMHighFall.h">
      <Filter>Header Files</Filter>
    </ClInclude>
    <ClInclude Include="IVTaskSimpleNMJumpRollFromRoadVehicle.h">
      <Filter>Header Files</Filter>
    </ClInclude>
    <ClInclude Include="IVTaskSimpleSidewaysDive.h">
      <Filter>Header Files</Filter>
    </ClInclude>
    <ClInclude Include="IVTask.h">
      <Filter>Header Files</Filter>
    </ClInclude>
    <ClInclude Include="IVText.h">
      <Filter>Header Files</Filter>
    </ClInclude>
    <ClInclude Include="IVTheScripts.h">
      <Filter>Header Files</Filter>
    </ClInclude>
    <ClInclude Include="IVTheZones.h">
      <Filter>Header Files</Filter>
    </ClInclude>
    <ClInclude Include="IVZone.h">
      <Filter>Header Files</Filter>
    </ClInclude>
    <ClInclude Include="IVTimeCycle.h">
      <Filter>Header Files</Filter>
    </ClInclude>
    <ClInclude Include="IVTimer.h">
      <Filter>Header Files</Filter>
    </ClInclude>
    <ClInclude Include="IVTxdStore.h">
      <Filter>Header Files</Filter>
    </ClInclude>
    <ClInclude Include="IVVehicle.h">
      <Filter>Header Files</Filter>
    </ClInclude>
    <ClInclude Include="IVCustomShaderEffectVehicleFX.h">
      <Filter>Header Files</Filter>
    </ClInclude>
    <ClInclude Include="IVVehicleWheel.h">
      <Filter>Header Files</Filter>
    </ClInclude>
    <ClInclude Include="IVVehicleDoor.h">
      <Filter>Header Files</Filter>
    </ClInclude>
    <ClInclude Include="IVVehicleFactoryNY.h">
      <Filter>Header Files</Filter>
    </ClInclude>
    <ClInclude Include="IVVisibilityPlugins.h">
      <Filter>Header Files</Filter>
    </ClInclude>
    <ClInclude Include="IVWanted.h">
      <Filter>Header Files</Filter>
    </ClInclude>
    <ClInclude Include="IVWeather.h">
      <Filter>Header Files</Filter>
    </ClInclude>
    <ClInclude Include="IVFiDevice.h">
      <Filter>Header Files</Filter>
    </ClInclude>
    <ClInclude Include="IVFiPackfile.h">
      <Filter>Header Files</Filter>
    </ClInclude>
    <ClInclude Include="IVGrcTexture.h">
      <Filter>Header Files</Filter>
    </ClInclude>
    <ClInclude Include="IVGrcTextureFactory.h">
      <Filter>Header Files</Filter>
    </ClInclude>
    <ClInclude Include="IVPhConstrainedCollider.h">
      <Filter>Header Files</Filter>
    </ClInclude>
    <ClInclude Include="IVUnkColliderParams.h">
      <Filter>Header Files</Filter>
    </ClInclude>
    <ClInclude Include="IVPhSleep.h">
      <Filter>Header Files</Filter>
    </ClInclude>
    <ClInclude Include="IVPhBound.h">
      <Filter>Header Files</Filter>
    </ClInclude>
    <ClInclude Include="IVPhInstGta.h">
      <Filter>Header Files</Filter>
    </ClInclude>
    <ClInclude Include="IVGtaFragType.h">
      <Filter>Header Files</Filter>
    </ClInclude>
    <ClInclude Include="IVPhInst.h">
      <Filter>Header Files</Filter>
    </ClInclude>
    <ClInclude Include="IVRmcDrawable.h">
      <Filter>Header Files</Filter>
    </ClInclude>
    <ClInclude Include="IVCrSkeleton.h">
      <Filter>Header Files</Filter>
    </ClInclude>
    <ClInclude Include="IVCrSkeletonData.h">
      <Filter>Header Files</Filter>
    </ClInclude>
    <ClInclude Include="IVPhArchetypeGta.h">
      <Filter>Header Files</Filter>
    </ClInclude>
    <ClInclude Include="IVSkyDome.h">
      <Filter>Header Files</Filter>
    </ClInclude>
    <ClInclude Include="IVSkyhatMiniNoise.h">
      <Filter>Header Files</Filter>
    </ClInclude>
    <ClInclude Include="IVWorld.h">
      <Filter>Header Files</Filter>
    </ClInclude>
    <ClInclude Include="IVLineOfSightResults.h">
      <Filter>Header Files</Filter>
    </ClInclude>
    <ClInclude Include="IVWeaponInfo.h">
      <Filter>Header Files</Filter>
    </ClInclude>
    <ClInclude Include="IVSDKForwardDeclarations.h">
      <Filter>Header Files</Filter>
    </ClInclude>
  </ItemGroup>
  <ItemGroup>
    <ClCompile Include="AssemblyInfo.cpp">
      <Filter>Source Files</Filter>
    </ClCompile>
    <ClCompile Include="pch.cpp">
      <Filter>Source Files</Filter>
    </ClCompile>
    <ClCompile Include="CLRBridge.cpp">
      <Filter>Source Files</Filter>
    </ClCompile>
    <ClCompile Include="Scripts.cpp">
      <Filter>Source Files</Filter>
    </ClCompile>
    <ClCompile Include="EventArgs.cpp">
      <Filter>Source Files</Filter>
    </ClCompile>
    <ClCompile Include="MemoryAccess.cpp">
      <Filter>Source Files</Filter>
    </ClCompile>
    <ClCompile Include="rage.cpp">
      <Filter>Source Files\RAGE</Filter>
    </ClCompile>
    <ClCompile Include="SettingsFile.cpp">
      <Filter>Source Files</Filter>
    </ClCompile>
    <ClCompile Include="KeyWatchDog.cpp">
      <Filter>Source Files\Input</Filter>
    </ClCompile>
    <ClCompile Include="Helper.cpp">
      <Filter>Source Files\Helper</Filter>
    </ClCompile>
    <ClCompile Include="Logger.cpp">
      <Filter>Source Files</Filter>
    </ClCompile>
    <ClCompile Include="ImGui\imgui_demo.cpp">
      <Filter>Source Files\ImGui</Filter>
    </ClCompile>
    <ClCompile Include="ImGui\imgui_draw.cpp">
      <Filter>Source Files\ImGui</Filter>
    </ClCompile>
    <ClCompile Include="ImGui\imgui_impl_dx9_shader.cpp">
      <Filter>Source Files\ImGui</Filter>
    </ClCompile>
    <ClCompile Include="ImGui\imgui_impl_win32.cpp">
      <Filter>Source Files\ImGui</Filter>
    </ClCompile>
    <ClCompile Include="ImGui\imgui_tables.cpp">
      <Filter>Source Files\ImGui</Filter>
    </ClCompile>
    <ClCompile Include="ImGui\imgui_widgets.cpp">
      <Filter>Source Files\ImGui</Filter>
    </ClCompile>
    <ClCompile Include="ImGui\imgui.cpp">
      <Filter>Source Files\ImGui</Filter>
    </ClCompile>
    <ClCompile Include="ImGui\imgui_stdlib.cpp">
      <Filter>Source Files\ImGui</Filter>
    </ClCompile>
    <ClCompile Include="IVAudEngine.cpp">
      <Filter>Source Files</Filter>
    </ClCompile>
    <ClCompile Include="IVAudConfig.cpp">
      <Filter>Source Files</Filter>
    </ClCompile>
    <ClCompile Include="IVAudRadioAudioEntity.cpp">
      <Filter>Source Files</Filter>
    </ClCompile>
    <ClCompile Include="IVPcSave.cpp">
      <Filter>Source Files</Filter>
    </ClCompile>
    <ClCompile Include="IVAchievements.cpp">
      <Filter>Source Files</Filter>
    </ClCompile>
    <ClCompile Include="IVRadioStation.cpp">
      <Filter>Source Files</Filter>
    </ClCompile>
    <ClCompile Include="IVRadioTrackManager.cpp">
      <Filter>Source Files</Filter>
    </ClCompile>
    <ClCompile Include="IVAnimManager.cpp">
      <Filter>Source Files</Filter>
    </ClCompile>
    <ClCompile Include="IVAudioZones.cpp">
      <Filter>Source Files</Filter>
    </ClCompile>
    <ClCompile Include="IVBaseDC.cpp">
      <Filter>Source Files</Filter>
    </ClCompile>
    <ClCompile Include="IVBuilding.cpp">
      <Filter>Source Files</Filter>
    </ClCompile>
    <ClCompile Include="IVCam.cpp">
      <Filter>Source Files</Filter>
    </ClCompile>
    <ClCompile Include="IVMatrix.cpp">
      <Filter>Source Files</Filter>
    </ClCompile>
    <ClCompile Include="IVCamFollowVehicle.cpp">
      <Filter>Source Files</Filter>
    </ClCompile>
    <ClCompile Include="IVCamera.cpp">
      <Filter>Source Files</Filter>
    </ClCompile>
    <ClCompile Include="IVCheat.cpp">
      <Filter>Source Files</Filter>
    </ClCompile>
    <ClCompile Include="IVClock.cpp">
      <Filter>Source Files</Filter>
    </ClCompile>
    <ClCompile Include="IVCustomShaderEffectBase.cpp">
      <Filter>Source Files</Filter>
    </ClCompile>
    <ClCompile Include="IVCutsceneMgr.cpp">
      <Filter>Source Files</Filter>
    </ClCompile>
    <ClCompile Include="IVDraw.cpp">
      <Filter>Source Files</Filter>
    </ClCompile>
    <ClCompile Include="IVGlobalScene.cpp">
      <Filter>Source Files</Filter>
    </ClCompile>
    <ClCompile Include="IVViewport.cpp">
      <Filter>Source Files</Filter>
    </ClCompile>
    <ClCompile Include="IVViewportData.cpp">
      <Filter>Source Files</Filter>
    </ClCompile>
    <ClCompile Include="IVRenderPhases.cpp">
      <Filter>Source Files</Filter>
    </ClCompile>
    <ClCompile Include="IVDrawCurvedWindowDC.cpp">
      <Filter>Source Files</Filter>
    </ClCompile>
    <ClCompile Include="IVDrawRectDC.cpp">
      <Filter>Source Files</Filter>
    </ClCompile>
    <ClCompile Include="IVCDStream.cpp">
      <Filter>Source Files</Filter>
    </ClCompile>
    <ClCompile Include="IVDynamicEntity.cpp">
      <Filter>Source Files</Filter>
    </ClCompile>
    <ClCompile Include="IVEntity.cpp">
      <Filter>Source Files</Filter>
    </ClCompile>
    <ClCompile Include="IVExplosion.cpp">
      <Filter>Source Files</Filter>
    </ClCompile>
    <ClCompile Include="IVFileLoader.cpp">
      <Filter>Source Files</Filter>
    </ClCompile>
    <ClCompile Include="IVFileMgr.cpp">
      <Filter>Source Files</Filter>
    </ClCompile>
    <ClCompile Include="IVFont.cpp">
      <Filter>Source Files</Filter>
    </ClCompile>
    <ClCompile Include="IVFrontEnd.cpp">
      <Filter>Source Files</Filter>
    </ClCompile>
    <ClCompile Include="IVGame.cpp">
      <Filter>Source Files</Filter>
    </ClCompile>
    <ClCompile Include="IVGameConfigReader.cpp">
      <Filter>Source Files</Filter>
    </ClCompile>
    <ClCompile Include="IVGameLogic.cpp">
      <Filter>Source Files</Filter>
    </ClCompile>
    <ClCompile Include="IVGangs.cpp">
      <Filter>Source Files</Filter>
    </ClCompile>
    <ClCompile Include="IVGangInfo.cpp">
      <Filter>Source Files</Filter>
    </ClCompile>
    <ClCompile Include="IVGarage.cpp">
      <Filter>Source Files</Filter>
    </ClCompile>
    <ClCompile Include="IVSaveGarage.cpp">
      <Filter>Source Files</Filter>
    </ClCompile>
    <ClCompile Include="IVStoredCar.cpp">
      <Filter>Source Files</Filter>
    </ClCompile>
    <ClCompile Include="IVGarages.cpp">
      <Filter>Source Files</Filter>
    </ClCompile>
    <ClCompile Include="IVGenericGameStorage.cpp">
      <Filter>Source Files</Filter>
    </ClCompile>
    <ClCompile Include="IVHandlingDataMgr.cpp">
      <Filter>Source Files</Filter>
    </ClCompile>
    <ClCompile Include="IVHandlingData.cpp">
      <Filter>Source Files</Filter>
    </ClCompile>
    <ClCompile Include="IVHudColours.cpp">
      <Filter>Source Files</Filter>
    </ClCompile>
    <ClCompile Include="IVInteriorInst.cpp">
      <Filter>Source Files</Filter>
    </ClCompile>
    <ClCompile Include="IVIplStore.cpp">
      <Filter>Source Files</Filter>
    </ClCompile>
    <ClCompile Include="IVMenuManager.cpp">
      <Filter>Source Files</Filter>
    </ClCompile>
    <ClCompile Include="IVControlRemapInfo.cpp">
      <Filter>Source Files</Filter>
    </ClCompile>
    <ClCompile Include="IVModelInfo.cpp">
      <Filter>Source Files</Filter>
    </ClCompile>
    <ClCompile Include="IVVehicleModelInfo.cpp">
      <Filter>Source Files</Filter>
    </ClCompile>
    <ClCompile Include="IVVehicleStructure.cpp">
      <Filter>Source Files</Filter>
    </ClCompile>
    <ClCompile Include="IVPedModelInfo.cpp">
      <Filter>Source Files</Filter>
    </ClCompile>
    <ClCompile Include="IVBaseModelInfo.cpp">
      <Filter>Source Files</Filter>
    </ClCompile>
    <ClCompile Include="IVNetwork.cpp">
      <Filter>Source Files</Filter>
    </ClCompile>
    <ClCompile Include="IVObject.cpp">
      <Filter>Source Files</Filter>
    </ClCompile>
    <ClCompile Include="IVPad.cpp">
      <Filter>Source Files</Filter>
    </ClCompile>
    <ClCompile Include="IVPadValues.cpp">
      <Filter>Source Files</Filter>
    </ClCompile>
    <ClCompile Include="IVValueHistory.cpp">
      <Filter>Source Files</Filter>
    </ClCompile>
    <ClCompile Include="IVValueHistoryItem.cpp">
      <Filter>Source Files</Filter>
    </ClCompile>
    <ClCompile Include="IVPed.cpp">
      <Filter>Source Files</Filter>
    </ClCompile>
    <ClCompile Include="IVPedComponentModels.cpp">
      <Filter>Source Files</Filter>
    </ClCompile>
    <ClCompile Include="IVPedDrawableInfo.cpp">
      <Filter>Source Files</Filter>
    </ClCompile>
    <ClCompile Include="IVPedWeapons.cpp">
      <Filter>Source Files</Filter>
    </ClCompile>
    <ClCompile Include="IVPedWeaponSlot.cpp">
      <Filter>Source Files</Filter>
    </ClCompile>
    <ClCompile Include="IVPedMoveBlendOnFoot.cpp">
      <Filter>Source Files</Filter>
    </ClCompile>
    <ClCompile Include="IVCustomShaderEffectPedBoneDamageFX.cpp">
      <Filter>Source Files</Filter>
    </ClCompile>
    <ClCompile Include="IVPedFactoryNY.cpp">
      <Filter>Source Files</Filter>
    </ClCompile>
    <ClCompile Include="IVPedType.cpp">
      <Filter>Source Files</Filter>
    </ClCompile>
    <ClCompile Include="IVPhysical.cpp">
      <Filter>Source Files</Filter>
    </ClCompile>
    <ClCompile Include="IVPickups.cpp">
      <Filter>Source Files</Filter>
    </ClCompile>
    <ClCompile Include="IVPlayerInfo.cpp">
      <Filter>Source Files</Filter>
    </ClCompile>
    <ClCompile Include="IVPool.cpp">
      <Filter>Source Files</Filter>
    </ClCompile>
    <ClCompile Include="IVPools.cpp">
      <Filter>Source Files</Filter>
    </ClCompile>
    <ClCompile Include="IVPopulation.cpp">
      <Filter>Source Files</Filter>
    </ClCompile>
    <ClCompile Include="IVProjectileInfo.cpp">
      <Filter>Source Files</Filter>
    </ClCompile>
    <ClCompile Include="IVQuadTreeNode.cpp">
      <Filter>Source Files</Filter>
    </ClCompile>
    <ClCompile Include="IVRadar.cpp">
      <Filter>Source Files</Filter>
    </ClCompile>
    <ClCompile Include="IVReplay.cpp">
      <Filter>Source Files</Filter>
    </ClCompile>
    <ClCompile Include="IVRestart.cpp">
      <Filter>Source Files</Filter>
    </ClCompile>
    <ClCompile Include="IVSafehouse.cpp">
      <Filter>Source Files</Filter>
    </ClCompile>
    <ClCompile Include="IVShaderLib.cpp">
      <Filter>Source Files</Filter>
    </ClCompile>
    <ClCompile Include="IVShadows.cpp">
      <Filter>Source Files</Filter>
    </ClCompile>
    <ClCompile Include="IVSprite2D.cpp">
      <Filter>Source Files</Filter>
    </ClCompile>
    <ClCompile Include="IVStats.cpp">
      <Filter>Source Files</Filter>
    </ClCompile>
    <ClCompile Include="IVStreaming.cpp">
      <Filter>Source Files</Filter>
    </ClCompile>
    <ClCompile Include="IVStuntJumpManager.cpp">
      <Filter>Source Files</Filter>
    </ClCompile>
    <ClCompile Include="IVBoundBox.cpp">
      <Filter>Source Files</Filter>
    </ClCompile>
    <ClCompile Include="IVStuntJump.cpp">
      <Filter>Source Files</Filter>
    </ClCompile>
    <ClCompile Include="IVTaskComplexClimbLadder.cpp">
      <Filter>Source Files</Filter>
    </ClCompile>
    <ClCompile Include="IVTaskComplexDie.cpp">
      <Filter>Source Files</Filter>
    </ClCompile>
    <ClCompile Include="IVTaskComplexInWater.cpp">
      <Filter>Source Files</Filter>
    </ClCompile>
    <ClCompile Include="IVTaskComplexMobileMakeCall.cpp">
      <Filter>Source Files</Filter>
    </ClCompile>
    <ClCompile Include="IVTaskComplexNewGetInVehicle.cpp">
      <Filter>Source Files</Filter>
    </ClCompile>
    <ClCompile Include="IVTaskComplexNM.cpp">
      <Filter>Source Files</Filter>
    </ClCompile>
    <ClCompile Include="IVTaskComplexPlayerOnFoot.cpp">
      <Filter>Source Files</Filter>
    </ClCompile>
    <ClCompile Include="IVTaskComplexPlayerSettingsTask.cpp">
      <Filter>Source Files</Filter>
    </ClCompile>
    <ClCompile Include="IVTaskComplexWander.cpp">
      <Filter>Source Files</Filter>
    </ClCompile>
    <ClCompile Include="IVTaskComplexWanderStandard.cpp">
      <Filter>Source Files</Filter>
    </ClCompile>
    <ClCompile Include="IVTaskSimpleNMHighFall.cpp">
      <Filter>Source Files</Filter>
    </ClCompile>
    <ClCompile Include="IVTaskSimpleNMJumpRollFromRoadVehicle.cpp">
      <Filter>Source Files</Filter>
    </ClCompile>
    <ClCompile Include="IVTaskSimpleSidewaysDive.cpp">
      <Filter>Source Files</Filter>
    </ClCompile>
    <ClCompile Include="IVTask.cpp">
      <Filter>Source Files</Filter>
    </ClCompile>
    <ClCompile Include="IVText.cpp">
      <Filter>Source Files</Filter>
    </ClCompile>
    <ClCompile Include="IVTheScripts.cpp">
      <Filter>Source Files</Filter>
    </ClCompile>
    <ClCompile Include="IVTheZones.cpp">
      <Filter>Source Files</Filter>
    </ClCompile>
    <ClCompile Include="IVZone.cpp">
      <Filter>Source Files</Filter>
    </ClCompile>
    <ClCompile Include="IVTimeCycle.cpp">
      <Filter>Source Files</Filter>
    </ClCompile>
    <ClCompile Include="IVTimer.cpp">
      <Filter>Source Files</Filter>
    </ClCompile>
    <ClCompile Include="IVTxdStore.cpp">
      <Filter>Source Files</Filter>
    </ClCompile>
    <ClCompile Include="IVVehicle.cpp">
      <Filter>Source Files</Filter>
    </ClCompile>
    <ClCompile Include="IVCustomShaderEffectVehicleFX.cpp">
      <Filter>Source Files</Filter>
    </ClCompile>
    <ClCompile Include="IVVehicleWheel.cpp">
      <Filter>Source Files</Filter>
    </ClCompile>
    <ClCompile Include="IVVehicleDoor.cpp">
      <Filter>Source Files</Filter>
    </ClCompile>
    <ClCompile Include="IVVehicleFactoryNY.cpp">
      <Filter>Source Files</Filter>
    </ClCompile>
    <ClCompile Include="IVVisibilityPlugins.cpp">
      <Filter>Source Files</Filter>
    </ClCompile>
    <ClCompile Include="IVWanted.cpp">
      <Filter>Source Files</Filter>
    </ClCompile>
    <ClCompile Include="IVWeather.cpp">
      <Filter>Source Files</Filter>
    </ClCompile>
    <ClCompile Include="IVFiDevice.cpp">
      <Filter>Source Files</Filter>
    </ClCompile>
    <ClCompile Include="IVFiPackfile.cpp">
      <Filter>Source Files</Filter>
    </ClCompile>
    <ClCompile Include="IVGrcTexture.cpp">
      <Filter>Source Files</Filter>
    </ClCompile>
    <ClCompile Include="IVGrcTextureFactory.cpp">
      <Filter>Source Files</Filter>
    </ClCompile>
    <ClCompile Include="IVPhConstrainedCollider.cpp">
      <Filter>Source Files</Filter>
    </ClCompile>
    <ClCompile Include="IVUnkColliderParams.cpp">
      <Filter>Source Files</Filter>
    </ClCompile>
    <ClCompile Include="IVPhSleep.cpp">
      <Filter>Source Files</Filter>
    </ClCompile>
    <ClCompile Include="IVPhBound.cpp">
      <Filter>Source Files</Filter>
    </ClCompile>
    <ClCompile Include="IVPhInstGta.cpp">
      <Filter>Source Files</Filter>
    </ClCompile>
    <ClCompile Include="IVGtaFragType.cpp">
      <Filter>Source Files</Filter>
    </ClCompile>
    <ClCompile Include="IVPhInst.cpp">
      <Filter>Source Files</Filter>
    </ClCompile>
    <ClCompile Include="IVRmcDrawable.cpp">
      <Filter>Source Files</Filter>
    </ClCompile>
    <ClCompile Include="IVCrSkeleton.cpp">
      <Filter>Source Files</Filter>
    </ClCompile>
    <ClCompile Include="IVCrSkeletonData.cpp">
      <Filter>Source Files</Filter>
    </ClCompile>
    <ClCompile Include="IVPhArchetypeGta.cpp">
      <Filter>Source Files</Filter>
    </ClCompile>
    <ClCompile Include="IVSkyDome.cpp">
      <Filter>Source Files</Filter>
    </ClCompile>
    <ClCompile Include="IVSkyhatMiniNoise.cpp">
      <Filter>Source Files</Filter>
    </ClCompile>
    <ClCompile Include="IVWorld.cpp">
      <Filter>Source Files</Filter>
    </ClCompile>
    <ClCompile Include="IVLineOfSightResults.cpp">
      <Filter>Source Files</Filter>
    </ClCompile>
    <ClCompile Include="IVWeaponInfo.cpp">
      <Filter>Source Files</Filter>
    </ClCompile>
  </ItemGroup>
  <ItemGroup>
    <ResourceCompile Include="app.rc">
      <Filter>Resource Files</Filter>
    </ResourceCompile>
  </ItemGroup>
  <ItemGroup>
    <Image Include="app.ico">
      <Filter>Resource Files</Filter>
    </Image>
  </ItemGroup>
</Project>